schema: '2.0'
stages:
  ingestion:
    cmd: python src/data/ingestion.py
    deps:
    - path: src/data/ingestion.py
      hash: md5
      md5: 5e0053a9794ce27479cfbcfa82218cf8
      size: 3010
    params:
      params.yaml:
        ingestion.test_size: 0.3
    outs:
    - path: ./data/raw
      hash: md5
      md5: f6fd21ad540107c4cc87041db2decf16.dir
      size: 827973
      nfiles: 2
  preprocessing:
    cmd: python src/data/preprocessing.py
    deps:
    - path: data/raw
      hash: md5
      md5: f6fd21ad540107c4cc87041db2decf16.dir
      size: 827973
      nfiles: 2
    - path: src/data/preprocessing.py
      hash: md5
      md5: c0bb5dca717b4c8ce595df20f0c73ec5
      size: 5801
    outs:
    - path: ./data/interim
      hash: md5
      md5: 09b439e1b681e65e100788724110f76e.dir
      size: 622138
      nfiles: 2
  features:
    cmd: python src/features/features.py
    deps:
    - path: ./data/interim
      hash: md5
      md5: 09b439e1b681e65e100788724110f76e.dir
      size: 622138
      nfiles: 2
    - path: src/features/features.py
      hash: md5
      md5: c6a7017e495a2baecdebcea0e683b640
      size: 3851
    params:
      params.yaml:
        features.max_features: 40
    outs:
    - path: ./data/processed
      hash: md5
      md5: 23d1de9f742d7b2eaaa1f1dbff92d9db.dir
      size: 910752
      nfiles: 2
  model:
    cmd: python src/models/model.py
    deps:
    - path: ./data/processed
      hash: md5
      md5: 23d1de9f742d7b2eaaa1f1dbff92d9db.dir
      size: 910752
      nfiles: 2
    - path: src/models/model.py
      hash: md5
      md5: 7bf74f7cbf7c9b64751083fa5e7a4a77
      size: 2209
    params:
      params.yaml:
        model.learning_rate: 0.1
        model.n_estimators: 40
    outs:
    - path: ./models/model.pkl
      hash: md5
      md5: 76c8f61eb2cca8efe82e2790a569b0a5
      size: 56500
  evaluation:
    cmd: python src/models/evaluation.py
    deps:
    - path: ./models/model.pkl
      hash: md5
      md5: 76c8f61eb2cca8efe82e2790a569b0a5
      size: 56500
    - path: src/models/evaluation.py
      hash: md5
      md5: 5eb544d2e681a0c743c4e2d01a355443
      size: 3229
    outs:
    - path: metrics.json
      hash: md5
      md5: bcbe631934d0d52c22e05a0843e000a8
      size: 145
